
Microsoft Visual Studio Solution File, Format Version 12.00
# Visual Studio 14
VisualStudioVersion = 14.0.25420.1
MinimumVisualStudioVersion = 10.0.40219.1
Project("{8BC9CEB8-8B4A-11D0-8D11-00A0C91BC942}") = "First", "1\1.vcxproj", "{EB5BBEE1-2364-4D9D-B636-2FC9AAF460DE}"
EndProject
Project("{8BC9CEB8-8B4A-11D0-8D11-00A0C91BC942}") = "Second", "Second\Second.vcxproj", "{17D0C223-EBF7-4D51-ABFF-5D76151826BE}"
EndProject
Project("{8BC9CEB8-8B4A-11D0-8D11-00A0C91BC942}") = "Third", "Third\Third.vcxproj", "{0395E0B6-6687-4AEC-87C5-396482FE9117}"
EndProject
Project("{FAE04EC0-301F-11D3-BF4B-00C04F79EFBC}") = "Fourth", "Fourth\Fourth.csproj", "{AA462291-0205-4A52-91AE-4CC5BB14B7EF}"
EndProject
Project("{8BC9CEB8-8B4A-11D0-8D11-00A0C91BC942}") = "Fifth", "Fifth\Fifth.vcxproj", "{9BA61597-D4D3-4BA7-916E-E190D947F2DC}"
EndProject
Project("{8BC9CEB8-8B4A-11D0-8D11-00A0C91BC942}") = "Sixth", "Sixth\Sixth.vcxproj", "{673C5937-C8A5-4A2A-989B-8AF6807A9D00}"
EndProject
Project("{8BC9CEB8-8B4A-11D0-8D11-00A0C91BC942}") = "Seventh", "Seventh\Seventh.vcxproj", "{EE70F947-B85B-45FE-BB77-2A27E1EDAF8A}"
EndProject
Project("{8BC9CEB8-8B4A-11D0-8D11-00A0C91BC942}") = "eighth", "eighth\eighth.vcxproj", "{DF394AB2-5BF3-40D6-8F6E-7D18237C92D6}"
EndProject
Project("{FAE04EC0-301F-11D3-BF4B-00C04F79EFBC}") = "Ninth", "Ninth\Ninth.csproj", "{C93F9111-F909-4934-B69D-59A6404770C0}"
EndProject
Global
	GlobalSection(SolutionConfigurationPlatforms) = preSolution
		Debug|Any CPU = Debug|Any CPU
		Debug|x64 = Debug|x64
		Debug|x86 = Debug|x86
		Release|Any CPU = Release|Any CPU
		Release|x64 = Release|x64
		Release|x86 = Release|x86
	EndGlobalSection
	GlobalSection(ProjectConfigurationPlatforms) = postSolution
		{EB5BBEE1-2364-4D9D-B636-2FC9AAF460DE}.Debug|Any CPU.ActiveCfg = Debug|Win32
		{EB5BBEE1-2364-4D9D-B636-2FC9AAF460DE}.Debug|x64.ActiveCfg = Debug|x64
		{EB5BBEE1-2364-4D9D-B636-2FC9AAF460DE}.Debug|x64.Build.0 = Debug|x64
		{EB5BBEE1-2364-4D9D-B636-2FC9AAF460DE}.Debug|x86.ActiveCfg = Debug|Win32
		{EB5BBEE1-2364-4D9D-B636-2FC9AAF460DE}.Debug|x86.Build.0 = Debug|Win32
		{EB5BBEE1-2364-4D9D-B636-2FC9AAF460DE}.Release|Any CPU.ActiveCfg = Release|Win32
		{EB5BBEE1-2364-4D9D-B636-2FC9AAF460DE}.Release|x64.ActiveCfg = Release|x64
		{EB5BBEE1-2364-4D9D-B636-2FC9AAF460DE}.Release|x64.Build.0 = Release|x64
		{EB5BBEE1-2364-4D9D-B636-2FC9AAF460DE}.Release|x86.ActiveCfg = Release|Win32
		{EB5BBEE1-2364-4D9D-B636-2FC9AAF460DE}.Release|x86.Build.0 = Release|Win32
		{17D0C223-EBF7-4D51-ABFF-5D76151826BE}.Debug|Any CPU.ActiveCfg = Debug|Win32
		{17D0C223-EBF7-4D51-ABFF-5D76151826BE}.Debug|x64.ActiveCfg = Debug|x64
		{17D0C223-EBF7-4D51-ABFF-5D76151826BE}.Debug|x64.Build.0 = Debug|x64
		{17D0C223-EBF7-4D51-ABFF-5D76151826BE}.Debug|x86.ActiveCfg = Debug|Win32
		{17D0C223-EBF7-4D51-ABFF-5D76151826BE}.Debug|x86.Build.0 = Debug|Win32
		{17D0C223-EBF7-4D51-ABFF-5D76151826BE}.Release|Any CPU.ActiveCfg = Release|Win32
		{17D0C223-EBF7-4D51-ABFF-5D76151826BE}.Release|x64.ActiveCfg = Release|x64
		{17D0C223-EBF7-4D51-ABFF-5D76151826BE}.Release|x64.Build.0 = Release|x64
		{17D0C223-EBF7-4D51-ABFF-5D76151826BE}.Release|x86.ActiveCfg = Release|Win32
		{17D0C223-EBF7-4D51-ABFF-5D76151826BE}.Release|x86.Build.0 = Release|Win32
		{0395E0B6-6687-4AEC-87C5-396482FE9117}.Debug|Any CPU.ActiveCfg = Debug|Win32
		{0395E0B6-6687-4AEC-87C5-396482FE9117}.Debug|x64.ActiveCfg = Debug|x64
		{0395E0B6-6687-4AEC-87C5-396482FE9117}.Debug|x64.Build.0 = Debug|x64
		{0395E0B6-6687-4AEC-87C5-396482FE9117}.Debug|x86.ActiveCfg = Debug|Win32
		{0395E0B6-6687-4AEC-87C5-396482FE9117}.Debug|x86.Build.0 = Debug|Win32
		{0395E0B6-6687-4AEC-87C5-396482FE9117}.Release|Any CPU.ActiveCfg = Release|Win32
		{0395E0B6-6687-4AEC-87C5-396482FE9117}.Release|x64.ActiveCfg = Release|x64
		{0395E0B6-6687-4AEC-87C5-396482FE9117}.Release|x64.Build.0 = Release|x64
		{0395E0B6-6687-4AEC-87C5-396482FE9117}.Release|x86.ActiveCfg = Release|Win32
		{0395E0B6-6687-4AEC-87C5-396482FE9117}.Release|x86.Build.0 = Release|Win32
		{AA462291-0205-4A52-91AE-4CC5BB14B7EF}.Debug|Any CPU.ActiveCfg = Debug|Any CPU
		{AA462291-0205-4A52-91AE-4CC5BB14B7EF}.Debug|Any CPU.Build.0 = Debug|Any CPU
		{AA462291-0205-4A52-91AE-4CC5BB14B7EF}.Debug|x64.ActiveCfg = Debug|Any CPU
		{AA462291-0205-4A52-91AE-4CC5BB14B7EF}.Debug|x64.Build.0 = Debug|Any CPU
		{AA462291-0205-4A52-91AE-4CC5BB14B7EF}.Debug|x86.ActiveCfg = Debug|Any CPU
		{AA462291-0205-4A52-91AE-4CC5BB14B7EF}.Debug|x86.Build.0 = Debug|Any CPU
		{AA462291-0205-4A52-91AE-4CC5BB14B7EF}.Release|Any CPU.ActiveCfg = Release|Any CPU
		{AA462291-0205-4A52-91AE-4CC5BB14B7EF}.Release|Any CPU.Build.0 = Release|Any CPU
		{AA462291-0205-4A52-91AE-4CC5BB14B7EF}.Release|x64.ActiveCfg = Release|Any CPU
		{AA462291-0205-4A52-91AE-4CC5BB14B7EF}.Release|x64.Build.0 = Release|Any CPU
		{AA462291-0205-4A52-91AE-4CC5BB14B7EF}.Release|x86.ActiveCfg = Release|Any CPU
		{AA462291-0205-4A52-91AE-4CC5BB14B7EF}.Release|x86.Build.0 = Release|Any CPU
		{9BA61597-D4D3-4BA7-916E-E190D947F2DC}.Debug|Any CPU.ActiveCfg = Debug|Win32
		{9BA61597-D4D3-4BA7-916E-E190D947F2DC}.Debug|x64.ActiveCfg = Debug|x64
		{9BA61597-D4D3-4BA7-916E-E190D947F2DC}.Debug|x64.Build.0 = Debug|x64
		{9BA61597-D4D3-4BA7-916E-E190D947F2DC}.Debug|x86.ActiveCfg = Debug|Win32
		{9BA61597-D4D3-4BA7-916E-E190D947F2DC}.Debug|x86.Build.0 = Debug|Win32
		{9BA61597-D4D3-4BA7-916E-E190D947F2DC}.Release|Any CPU.ActiveCfg = Release|Win32
		{9BA61597-D4D3-4BA7-916E-E190D947F2DC}.Release|x64.ActiveCfg = Release|x64
		{9BA61597-D4D3-4BA7-916E-E190D947F2DC}.Release|x64.Build.0 = Release|x64
		{9BA61597-D4D3-4BA7-916E-E190D947F2DC}.Release|x86.ActiveCfg = Release|Win32
		{9BA61597-D4D3-4BA7-916E-E190D947F2DC}.Release|x86.Build.0 = Release|Win32
		{673C5937-C8A5-4A2A-989B-8AF6807A9D00}.Debug|Any CPU.ActiveCfg = Debug|Win32
		{673C5937-C8A5-4A2A-989B-8AF6807A9D00}.Debug|x64.ActiveCfg = Debug|x64
		{673C5937-C8A5-4A2A-989B-8AF6807A9D00}.Debug|x64.Build.0 = Debug|x64
		{673C5937-C8A5-4A2A-989B-8AF6807A9D00}.Debug|x86.ActiveCfg = Debug|Win32
		{673C5937-C8A5-4A2A-989B-8AF6807A9D00}.Debug|x86.Build.0 = Debug|Win32
		{673C5937-C8A5-4A2A-989B-8AF6807A9D00}.Release|Any CPU.ActiveCfg = Release|Win32
		{673C5937-C8A5-4A2A-989B-8AF6807A9D00}.Release|x64.ActiveCfg = Release|x64
		{673C5937-C8A5-4A2A-989B-8AF6807A9D00}.Release|x64.Build.0 = Release|x64
		{673C5937-C8A5-4A2A-989B-8AF6807A9D00}.Release|x86.ActiveCfg = Release|Win32
		{673C5937-C8A5-4A2A-989B-8AF6807A9D00}.Release|x86.Build.0 = Release|Win32
		{EE70F947-B85B-45FE-BB77-2A27E1EDAF8A}.Debug|Any CPU.ActiveCfg = Debug|Win32
		{EE70F947-B85B-45FE-BB77-2A27E1EDAF8A}.Debug|x64.ActiveCfg = Debug|x64
		{EE70F947-B85B-45FE-BB77-2A27E1EDAF8A}.Debug|x64.Build.0 = Debug|x64
		{EE70F947-B85B-45FE-BB77-2A27E1EDAF8A}.Debug|x86.ActiveCfg = Debug|Win32
		{EE70F947-B85B-45FE-BB77-2A27E1EDAF8A}.Debug|x86.Build.0 = Debug|Win32
		{EE70F947-B85B-45FE-BB77-2A27E1EDAF8A}.Release|Any CPU.ActiveCfg = Release|Win32
		{EE70F947-B85B-45FE-BB77-2A27E1EDAF8A}.Release|x64.ActiveCfg = Release|x64
		{EE70F947-B85B-45FE-BB77-2A27E1EDAF8A}.Release|x64.Build.0 = Release|x64
		{EE70F947-B85B-45FE-BB77-2A27E1EDAF8A}.Release|x86.ActiveCfg = Release|Win32
		{EE70F947-B85B-45FE-BB77-2A27E1EDAF8A}.Release|x86.Build.0 = Release|Win32
		{DF394AB2-5BF3-40D6-8F6E-7D18237C92D6}.Debug|Any CPU.ActiveCfg = Debug|Win32
		{DF394AB2-5BF3-40D6-8F6E-7D18237C92D6}.Debug|x64.ActiveCfg = Debug|x64
		{DF394AB2-5BF3-40D6-8F6E-7D18237C92D6}.Debug|x64.Build.0 = Debug|x64
		{DF394AB2-5BF3-40D6-8F6E-7D18237C92D6}.Debug|x86.ActiveCfg = Debug|Win32
		{DF394AB2-5BF3-40D6-8F6E-7D18237C92D6}.Debug|x86.Build.0 = Debug|Win32
		{DF394AB2-5BF3-40D6-8F6E-7D18237C92D6}.Release|Any CPU.ActiveCfg = Release|Win32
		{DF394AB2-5BF3-40D6-8F6E-7D18237C92D6}.Release|x64.ActiveCfg = Release|x64
		{DF394AB2-5BF3-40D6-8F6E-7D18237C92D6}.Release|x64.Build.0 = Release|x64
		{DF394AB2-5BF3-40D6-8F6E-7D18237C92D6}.Release|x86.ActiveCfg = Release|Win32
		{DF394AB2-5BF3-40D6-8F6E-7D18237C92D6}.Release|x86.Build.0 = Release|Win32
		{C93F9111-F909-4934-B69D-59A6404770C0}.Debug|Any CPU.ActiveCfg = Debug|Any CPU
		{C93F9111-F909-4934-B69D-59A6404770C0}.Debug|Any CPU.Build.0 = Debug|Any CPU
		{C93F9111-F909-4934-B69D-59A6404770C0}.Debug|x64.ActiveCfg = Debug|Any CPU
		{C93F9111-F909-4934-B69D-59A6404770C0}.Debug|x64.Build.0 = Debug|Any CPU
		{C93F9111-F909-4934-B69D-59A6404770C0}.Debug|x86.ActiveCfg = Debug|Any CPU
		{C93F9111-F909-4934-B69D-59A6404770C0}.Debug|x86.Build.0 = Debug|Any CPU
		{C93F9111-F909-4934-B69D-59A6404770C0}.Release|Any CPU.ActiveCfg = Release|Any CPU
		{C93F9111-F909-4934-B69D-59A6404770C0}.Release|Any CPU.Build.0 = Release|Any CPU
		{C93F9111-F909-4934-B69D-59A6404770C0}.Release|x64.ActiveCfg = Release|Any CPU
		{C93F9111-F909-4934-B69D-59A6404770C0}.Release|x64.Build.0 = Release|Any CPU
		{C93F9111-F909-4934-B69D-59A6404770C0}.Release|x86.ActiveCfg = Release|Any CPU
		{C93F9111-F909-4934-B69D-59A6404770C0}.Release|x86.Build.0 = Release|Any CPU
	EndGlobalSection
	GlobalSection(SolutionProperties) = preSolution
		HideSolutionNode = FALSE
	EndGlobalSection
EndGlobal
